
Microsoft Visual Studio Solution File, Format Version 12.00
# Visual Studio 15
VisualStudioVersion = 15.0.28307.960
MinimumVisualStudioVersion = 10.0.40219.1
Project("{FAE04EC0-301F-11D3-BF4B-00C04F79EFBC}") = "RPS", "RPS\RPS.csproj", "{A0D1CB4E-CFE1-4DA1-BEC2-943E1F006DDA}"
EndProject
Global
	GlobalSection(SolutionConfigurationPlatforms) = preSolution
		Debug|Any CPU = Debug|Any CPU
		Release|Any CPU = Release|Any CPU
	EndGlobalSection
	GlobalSection(ProjectConfigurationPlatforms) = postSolution
		{A0D1CB4E-CFE1-4DA1-BEC2-943E1F006DDA}.Debug|Any CPU.ActiveCfg = Debug|Any CPU
		{A0D1CB4E-CFE1-4DA1-BEC2-943E1F006DDA}.Debug|Any CPU.Build.0 = Debug|Any CPU
		{A0D1CB4E-CFE1-4DA1-BEC2-943E1F006DDA}.Release|Any CPU.ActiveCfg = Release|Any CPU
		{A0D1CB4E-CFE1-4DA1-BEC2-943E1F006DDA}.Release|Any CPU.Build.0 = Release|Any CPU
	EndGlobalSection
	GlobalSection(SolutionProperties) = preSolution
		HideSolutionNode = FALSE
	EndGlobalSection
	GlobalSection(ExtensibilityGlobals) = postSolution
		SolutionGuid = {93A9B09D-20C4-41A6-A7AD-B1BBE1FADA48}
	EndGlobalSection
EndGlobal
